
Microsoft Visual Studio Solution File, Format Version 12.00
# Visual Studio Version 17
VisualStudioVersion = 17.11.35312.102
MinimumVisualStudioVersion = 10.0.40219.1
Project("{8BC9CEB8-8B4A-11D0-8D11-00A0C91BC942}") = "LB8.1.string", "LB8.1.string\LB8.1.string.vcxproj", "{C8E69CFF-80B1-4EB0-B810-B2E7BD3B2141}"
EndProject
Project("{8BC9CEB8-8B4A-11D0-8D11-00A0C91BC942}") = "UnitTest1", "UnitTest1\UnitTest1.vcxproj", "{4E519F45-6BA3-4F41-A345-BD6802104509}"
EndProject
Global
	GlobalSection(SolutionConfigurationPlatforms) = preSolution
		Debug|x64 = Debug|x64
		Debug|x86 = Debug|x86
		Release|x64 = Release|x64
		Release|x86 = Release|x86
	EndGlobalSection
	GlobalSection(ProjectConfigurationPlatforms) = postSolution
		{C8E69CFF-80B1-4EB0-B810-B2E7BD3B2141}.Debug|x64.ActiveCfg = Debug|x64
		{C8E69CFF-80B1-4EB0-B810-B2E7BD3B2141}.Debug|x64.Build.0 = Debug|x64
		{C8E69CFF-80B1-4EB0-B810-B2E7BD3B2141}.Debug|x86.ActiveCfg = Debug|Win32
		{C8E69CFF-80B1-4EB0-B810-B2E7BD3B2141}.Debug|x86.Build.0 = Debug|Win32
		{C8E69CFF-80B1-4EB0-B810-B2E7BD3B2141}.Release|x64.ActiveCfg = Release|x64
		{C8E69CFF-80B1-4EB0-B810-B2E7BD3B2141}.Release|x64.Build.0 = Release|x64
		{C8E69CFF-80B1-4EB0-B810-B2E7BD3B2141}.Release|x86.ActiveCfg = Release|Win32
		{C8E69CFF-80B1-4EB0-B810-B2E7BD3B2141}.Release|x86.Build.0 = Release|Win32
		{4E519F45-6BA3-4F41-A345-BD6802104509}.Debug|x64.ActiveCfg = Debug|x64
		{4E519F45-6BA3-4F41-A345-BD6802104509}.Debug|x64.Build.0 = Debug|x64
		{4E519F45-6BA3-4F41-A345-BD6802104509}.Debug|x86.ActiveCfg = Debug|Win32
		{4E519F45-6BA3-4F41-A345-BD6802104509}.Debug|x86.Build.0 = Debug|Win32
		{4E519F45-6BA3-4F41-A345-BD6802104509}.Release|x64.ActiveCfg = Release|x64
		{4E519F45-6BA3-4F41-A345-BD6802104509}.Release|x64.Build.0 = Release|x64
		{4E519F45-6BA3-4F41-A345-BD6802104509}.Release|x86.ActiveCfg = Release|Win32
		{4E519F45-6BA3-4F41-A345-BD6802104509}.Release|x86.Build.0 = Release|Win32
	EndGlobalSection
	GlobalSection(SolutionProperties) = preSolution
		HideSolutionNode = FALSE
	EndGlobalSection
	GlobalSection(ExtensibilityGlobals) = postSolution
		SolutionGuid = {E44D1ADD-31A3-4115-9902-888D7288AADB}
	EndGlobalSection
EndGlobal
